
Microsoft Visual Studio Solution File, Format Version 12.00
# Visual Studio Version 17
VisualStudioVersion = 17.3.32929.385
MinimumVisualStudioVersion = 10.0.40219.1
Project("{9A19103F-16F7-4668-BE54-9A1E7A4F7556}") = "PortalStore.Domain", "Source\PortalStore.Domain\PortalStore.Domain.csproj", "{F6BFF1F1-ED6C-4314-B538-29C502107B28}"
EndProject
Project("{2150E333-8FDC-42A3-9474-1A3956D46DE8}") = "Core", "Core", "{A509C21A-6982-40C7-B2A1-9E6D0E82EAB2}"
EndProject
Project("{9A19103F-16F7-4668-BE54-9A1E7A4F7556}") = "PortalStore.Application", "Source\PortalStore.Application\PortalStore.Application.csproj", "{4D90C8AF-B630-476A-B116-06CD08D8A042}"
EndProject
Project("{9A19103F-16F7-4668-BE54-9A1E7A4F7556}") = "PortalStore.Api", "Source\PortalStore.Api\PortalStore.Api.csproj", "{B785A2C9-5877-4049-86E4-D9677C104D85}"
EndProject
Project("{FAE04EC0-301F-11D3-BF4B-00C04F79EFBC}") = "PortalStore.Shared", "Source\PortalStore.Shared\PortalStore.Shared.csproj", "{6EEB8260-AD20-453D-9106-D1078F2A3871}"
EndProject
Project("{FAE04EC0-301F-11D3-BF4B-00C04F79EFBC}") = "PortalStore.Infrastructure", "Source\PortalStore.Infrastructure\PortalStore.Infrastructure.csproj", "{A8BDC6CC-A555-4DAC-AAFD-3A91B55254B2}"
EndProject
Project("{FAE04EC0-301F-11D3-BF4B-00C04F79EFBC}") = "PortalStore.Api.UnitTest", "Tests\PortalStore.Api.UnitTest\PortalStore.Api.UnitTest.csproj", "{53208922-1F8B-4453-8F21-769C5686E530}"
EndProject
Global
	GlobalSection(SolutionConfigurationPlatforms) = preSolution
		Debug|Any CPU = Debug|Any CPU
		Release|Any CPU = Release|Any CPU
	EndGlobalSection
	GlobalSection(ProjectConfigurationPlatforms) = postSolution
		{F6BFF1F1-ED6C-4314-B538-29C502107B28}.Debug|Any CPU.ActiveCfg = Debug|Any CPU
		{F6BFF1F1-ED6C-4314-B538-29C502107B28}.Debug|Any CPU.Build.0 = Debug|Any CPU
		{F6BFF1F1-ED6C-4314-B538-29C502107B28}.Release|Any CPU.ActiveCfg = Release|Any CPU
		{F6BFF1F1-ED6C-4314-B538-29C502107B28}.Release|Any CPU.Build.0 = Release|Any CPU
		{4D90C8AF-B630-476A-B116-06CD08D8A042}.Debug|Any CPU.ActiveCfg = Debug|Any CPU
		{4D90C8AF-B630-476A-B116-06CD08D8A042}.Debug|Any CPU.Build.0 = Debug|Any CPU
		{4D90C8AF-B630-476A-B116-06CD08D8A042}.Release|Any CPU.ActiveCfg = Release|Any CPU
		{4D90C8AF-B630-476A-B116-06CD08D8A042}.Release|Any CPU.Build.0 = Release|Any CPU
		{B785A2C9-5877-4049-86E4-D9677C104D85}.Debug|Any CPU.ActiveCfg = Debug|Any CPU
		{B785A2C9-5877-4049-86E4-D9677C104D85}.Debug|Any CPU.Build.0 = Debug|Any CPU
		{B785A2C9-5877-4049-86E4-D9677C104D85}.Release|Any CPU.ActiveCfg = Release|Any CPU
		{B785A2C9-5877-4049-86E4-D9677C104D85}.Release|Any CPU.Build.0 = Release|Any CPU
		{6EEB8260-AD20-453D-9106-D1078F2A3871}.Debug|Any CPU.ActiveCfg = Debug|Any CPU
		{6EEB8260-AD20-453D-9106-D1078F2A3871}.Debug|Any CPU.Build.0 = Debug|Any CPU
		{6EEB8260-AD20-453D-9106-D1078F2A3871}.Release|Any CPU.ActiveCfg = Release|Any CPU
		{6EEB8260-AD20-453D-9106-D1078F2A3871}.Release|Any CPU.Build.0 = Release|Any CPU
		{A8BDC6CC-A555-4DAC-AAFD-3A91B55254B2}.Debug|Any CPU.ActiveCfg = Debug|Any CPU
		{A8BDC6CC-A555-4DAC-AAFD-3A91B55254B2}.Debug|Any CPU.Build.0 = Debug|Any CPU
		{A8BDC6CC-A555-4DAC-AAFD-3A91B55254B2}.Release|Any CPU.ActiveCfg = Release|Any CPU
		{A8BDC6CC-A555-4DAC-AAFD-3A91B55254B2}.Release|Any CPU.Build.0 = Release|Any CPU
		{53208922-1F8B-4453-8F21-769C5686E530}.Debug|Any CPU.ActiveCfg = Debug|Any CPU
		{53208922-1F8B-4453-8F21-769C5686E530}.Debug|Any CPU.Build.0 = Debug|Any CPU
		{53208922-1F8B-4453-8F21-769C5686E530}.Release|Any CPU.ActiveCfg = Release|Any CPU
		{53208922-1F8B-4453-8F21-769C5686E530}.Release|Any CPU.Build.0 = Release|Any CPU
	EndGlobalSection
	GlobalSection(SolutionProperties) = preSolution
		HideSolutionNode = FALSE
	EndGlobalSection
	GlobalSection(NestedProjects) = preSolution
		{F6BFF1F1-ED6C-4314-B538-29C502107B28} = {A509C21A-6982-40C7-B2A1-9E6D0E82EAB2}
		{4D90C8AF-B630-476A-B116-06CD08D8A042} = {A509C21A-6982-40C7-B2A1-9E6D0E82EAB2}
	EndGlobalSection
	GlobalSection(ExtensibilityGlobals) = postSolution
		SolutionGuid = {3A0BFB8F-C0D4-46E9-8459-8642F2084AC2}
	EndGlobalSection
EndGlobal
